
Microsoft Visual Studio Solution File, Format Version 12.00
# Visual Studio 15
VisualStudioVersion = 15.0.27130.2020
MinimumVisualStudioVersion = 10.0.40219.1
Project("{FAE04EC0-301F-11D3-BF4B-00C04F79EFBC}") = "LogCast", "LogCast\LogCast.csproj", "{BC096A56-DAE3-45BF-968B-94C9FBDE18FD}"
EndProject
Project("{FAE04EC0-301F-11D3-BF4B-00C04F79EFBC}") = "LogCast.Test", "LogCast.Test\LogCast.Test.csproj", "{F8281FAC-0E54-4FC1-B0C1-8FB22C324B17}"
EndProject
Project("{FAE04EC0-301F-11D3-BF4B-00C04F79EFBC}") = "LogCast.NLog", "LogCast.NLog\LogCast.NLog.csproj", "{4FC305BA-CEC7-4C34-B7FD-A5A96F36EC28}"
EndProject
Project("{FAE04EC0-301F-11D3-BF4B-00C04F79EFBC}") = "LogCast.NLog.Test", "LogCast.NLog.Test\LogCast.NLog.Test.csproj", "{B6CE0158-608A-4683-833F-387B6887D30C}"
EndProject
Project("{FAE04EC0-301F-11D3-BF4B-00C04F79EFBC}") = "LogCast.Tracing", "LogCast.Tracing\LogCast.Tracing.csproj", "{83A6D411-FEEF-4EB7-838F-430BC74D0527}"
EndProject
Project("{FAE04EC0-301F-11D3-BF4B-00C04F79EFBC}") = "LogCast.Tracing.Test", "LogCast.Tracing.Test\LogCast.Tracing.Test.csproj", "{2BCAB7B1-04FF-4FA3-ACA8-80CDEA087D44}"
EndProject
Project("{FAE04EC0-301F-11D3-BF4B-00C04F79EFBC}") = "Examples.Tracing", "Examples\Tracing\Examples.Tracing.csproj", "{EC862409-2EC3-49E3-949B-CD8F11B168DC}"
EndProject
Project("{FAE04EC0-301F-11D3-BF4B-00C04F79EFBC}") = "LogCast.Wcf", "LogCast.Wcf\LogCast.Wcf.csproj", "{D7A270A8-5BB7-48EA-B73F-FA2306CBE30A}"
EndProject
Project("{2150E333-8FDC-42A3-9474-1A3956D46DE8}") = "examples", "examples", "{A535B310-5B6A-4BA3-8478-1940354C7CB5}"
EndProject
Project("{2150E333-8FDC-42A3-9474-1A3956D46DE8}") = "plugins", "plugins", "{A5CFFDC7-894F-4022-A546-43D930EB7874}"
EndProject
Project("{FAE04EC0-301F-11D3-BF4B-00C04F79EFBC}") = "Examples.WcfService.Tracing", "Examples\WcfService.Tracing\Examples.WcfService.Tracing.csproj", "{DB047A34-9F40-4FEB-812B-21FCEAC22A0B}"
EndProject
Project("{2150E333-8FDC-42A3-9474-1A3956D46DE8}") = "NLog", "NLog", "{6952BCA1-2A19-4F49-8189-9B3F236B80CD}"
EndProject
Project("{2150E333-8FDC-42A3-9474-1A3956D46DE8}") = "Tracing", "Tracing", "{D7624A09-EE73-44A5-992B-2F2538197923}"
EndProject
Project("{FAE04EC0-301F-11D3-BF4B-00C04F79EFBC}") = "LogCast.WebApi", "LogCast.WebApi\LogCast.WebApi.csproj", "{ADC1BEE9-08C1-421D-9849-592C7DAF2D29}"
EndProject
Project("{FAE04EC0-301F-11D3-BF4B-00C04F79EFBC}") = "Examples.WebAPI.Tracing", "Examples\WebAPI.Tracing\Examples.WebAPI.Tracing.csproj", "{BD599BA4-37F4-4DBE-8ADE-926866CC8199}"
EndProject
Project("{FAE04EC0-301F-11D3-BF4B-00C04F79EFBC}") = "Examples.WcfSelfHostedService.Tracing", "Examples\WcfSelfHostedService.Tracing\Examples.WcfSelfHostedService.Tracing.csproj", "{986799AE-38D3-4D30-9E6B-7C101043C3B2}"
EndProject
Project("{FAE04EC0-301F-11D3-BF4B-00C04F79EFBC}") = "Examples.NLog", "Examples\NLog\Examples.NLog.csproj", "{B425122A-F31E-4EBB-88F8-E45CDB7E7F58}"
EndProject
Project("{FAE04EC0-301F-11D3-BF4B-00C04F79EFBC}") = "Examples.DirectLogger", "Examples\DirectLogger\Examples.DirectLogger.csproj", "{3C8A8382-EEB3-401A-9845-A809ECFA1719}"
EndProject
Project("{2150E333-8FDC-42A3-9474-1A3956D46DE8}") = ".misc", ".misc", "{86753AA3-A7EC-4F60-887C-0EFA1E2A9AFF}"
	ProjectSection(SolutionItems) = preProject
		.gitignore = .gitignore
		README.md = README.md
	EndProjectSection
EndProject
Project("{FAE04EC0-301F-11D3-BF4B-00C04F79EFBC}") = "LogCast.Mvc", "LogCast.Mvc\LogCast.Mvc.csproj", "{C99BD1ED-C3EE-40A9-9BA9-74BE9F031898}"
EndProject
Project("{FAE04EC0-301F-11D3-BF4B-00C04F79EFBC}") = "LogCast.WebApi.Test", "LogCast.WebApi.Test\LogCast.WebApi.Test.csproj", "{CA8495F7-BF6B-420B-A681-67B3F3CD5EDE}"
EndProject
Project("{2150E333-8FDC-42A3-9474-1A3956D46DE8}") = "clients", "clients", "{C2054F0D-262E-4E72-A8D8-95F64D0D88BB}"
EndProject
Project("{FAE04EC0-301F-11D3-BF4B-00C04F79EFBC}") = "LogCast.Http", "LogCast.Http\LogCast.Http.csproj", "{63AFA597-216C-42F5-9249-A838693BA3CF}"
EndProject
Project("{FAE04EC0-301F-11D3-BF4B-00C04F79EFBC}") = "LogCast.Http.Test", "LogCast.Http.Test\LogCast.Http.Test.csproj", "{A551D659-BF88-4D31-9A37-B49D1B34C421}"
EndProject
Project("{FAE04EC0-301F-11D3-BF4B-00C04F79EFBC}") = "LogCast.Owin", "LogCast.Owin\LogCast.Owin.csproj", "{5904CE1D-E8B1-46DF-955E-6C4B0B188EE2}"
EndProject
Project("{FAE04EC0-301F-11D3-BF4B-00C04F79EFBC}") = "LogCast.AspNetCore", "LogCast.AspNetCore\LogCast.AspNetCore.csproj", "{4EAAF65B-A115-4BB4-9D2B-7C49AE591BFC}"
EndProject
Project("{9A19103F-16F7-4668-BE54-9A1E7A4F7556}") = "Examples.AspNetCoreService.Tracing", "Examples\AspNetCoreService.Tracing\Examples.AspNetCoreService.Tracing.csproj", "{8FD70741-10CD-4514-888C-957684111401}"
EndProject
Global
	GlobalSection(SolutionConfigurationPlatforms) = preSolution
		Debug|Any CPU = Debug|Any CPU
		Release|Any CPU = Release|Any CPU
	EndGlobalSection
	GlobalSection(ProjectConfigurationPlatforms) = postSolution
		{BC096A56-DAE3-45BF-968B-94C9FBDE18FD}.Debug|Any CPU.ActiveCfg = Debug|Any CPU
		{BC096A56-DAE3-45BF-968B-94C9FBDE18FD}.Debug|Any CPU.Build.0 = Debug|Any CPU
		{BC096A56-DAE3-45BF-968B-94C9FBDE18FD}.Release|Any CPU.ActiveCfg = Release|Any CPU
		{BC096A56-DAE3-45BF-968B-94C9FBDE18FD}.Release|Any CPU.Build.0 = Release|Any CPU
		{F8281FAC-0E54-4FC1-B0C1-8FB22C324B17}.Debug|Any CPU.ActiveCfg = Debug|Any CPU
		{F8281FAC-0E54-4FC1-B0C1-8FB22C324B17}.Debug|Any CPU.Build.0 = Debug|Any CPU
		{F8281FAC-0E54-4FC1-B0C1-8FB22C324B17}.Release|Any CPU.ActiveCfg = Release|Any CPU
		{F8281FAC-0E54-4FC1-B0C1-8FB22C324B17}.Release|Any CPU.Build.0 = Release|Any CPU
		{4FC305BA-CEC7-4C34-B7FD-A5A96F36EC28}.Debug|Any CPU.ActiveCfg = Debug|Any CPU
		{4FC305BA-CEC7-4C34-B7FD-A5A96F36EC28}.Debug|Any CPU.Build.0 = Debug|Any CPU
		{4FC305BA-CEC7-4C34-B7FD-A5A96F36EC28}.Release|Any CPU.ActiveCfg = Release|Any CPU
		{4FC305BA-CEC7-4C34-B7FD-A5A96F36EC28}.Release|Any CPU.Build.0 = Release|Any CPU
		{B6CE0158-608A-4683-833F-387B6887D30C}.Debug|Any CPU.ActiveCfg = Debug|Any CPU
		{B6CE0158-608A-4683-833F-387B6887D30C}.Debug|Any CPU.Build.0 = Debug|Any CPU
		{B6CE0158-608A-4683-833F-387B6887D30C}.Release|Any CPU.ActiveCfg = Release|Any CPU
		{B6CE0158-608A-4683-833F-387B6887D30C}.Release|Any CPU.Build.0 = Release|Any CPU
		{83A6D411-FEEF-4EB7-838F-430BC74D0527}.Debug|Any CPU.ActiveCfg = Debug|Any CPU
		{83A6D411-FEEF-4EB7-838F-430BC74D0527}.Debug|Any CPU.Build.0 = Debug|Any CPU
		{83A6D411-FEEF-4EB7-838F-430BC74D0527}.Release|Any CPU.ActiveCfg = Release|Any CPU
		{83A6D411-FEEF-4EB7-838F-430BC74D0527}.Release|Any CPU.Build.0 = Release|Any CPU
		{2BCAB7B1-04FF-4FA3-ACA8-80CDEA087D44}.Debug|Any CPU.ActiveCfg = Debug|Any CPU
		{2BCAB7B1-04FF-4FA3-ACA8-80CDEA087D44}.Debug|Any CPU.Build.0 = Debug|Any CPU
		{2BCAB7B1-04FF-4FA3-ACA8-80CDEA087D44}.Release|Any CPU.ActiveCfg = Release|Any CPU
		{2BCAB7B1-04FF-4FA3-ACA8-80CDEA087D44}.Release|Any CPU.Build.0 = Release|Any CPU
		{EC862409-2EC3-49E3-949B-CD8F11B168DC}.Debug|Any CPU.ActiveCfg = Debug|Any CPU
		{EC862409-2EC3-49E3-949B-CD8F11B168DC}.Debug|Any CPU.Build.0 = Debug|Any CPU
		{EC862409-2EC3-49E3-949B-CD8F11B168DC}.Release|Any CPU.ActiveCfg = Release|Any CPU
		{D7A270A8-5BB7-48EA-B73F-FA2306CBE30A}.Debug|Any CPU.ActiveCfg = Debug|Any CPU
		{D7A270A8-5BB7-48EA-B73F-FA2306CBE30A}.Debug|Any CPU.Build.0 = Debug|Any CPU
		{D7A270A8-5BB7-48EA-B73F-FA2306CBE30A}.Release|Any CPU.ActiveCfg = Release|Any CPU
		{D7A270A8-5BB7-48EA-B73F-FA2306CBE30A}.Release|Any CPU.Build.0 = Release|Any CPU
		{DB047A34-9F40-4FEB-812B-21FCEAC22A0B}.Debug|Any CPU.ActiveCfg = Debug|Any CPU
		{DB047A34-9F40-4FEB-812B-21FCEAC22A0B}.Debug|Any CPU.Build.0 = Debug|Any CPU
		{DB047A34-9F40-4FEB-812B-21FCEAC22A0B}.Release|Any CPU.ActiveCfg = Release|Any CPU
		{ADC1BEE9-08C1-421D-9849-592C7DAF2D29}.Debug|Any CPU.ActiveCfg = Debug|Any CPU
		{ADC1BEE9-08C1-421D-9849-592C7DAF2D29}.Debug|Any CPU.Build.0 = Debug|Any CPU
		{ADC1BEE9-08C1-421D-9849-592C7DAF2D29}.Release|Any CPU.ActiveCfg = Release|Any CPU
		{ADC1BEE9-08C1-421D-9849-592C7DAF2D29}.Release|Any CPU.Build.0 = Release|Any CPU
		{BD599BA4-37F4-4DBE-8ADE-926866CC8199}.Debug|Any CPU.ActiveCfg = Debug|Any CPU
		{BD599BA4-37F4-4DBE-8ADE-926866CC8199}.Debug|Any CPU.Build.0 = Debug|Any CPU
		{BD599BA4-37F4-4DBE-8ADE-926866CC8199}.Release|Any CPU.ActiveCfg = Release|Any CPU
		{986799AE-38D3-4D30-9E6B-7C101043C3B2}.Debug|Any CPU.ActiveCfg = Debug|Any CPU
		{986799AE-38D3-4D30-9E6B-7C101043C3B2}.Debug|Any CPU.Build.0 = Debug|Any CPU
		{986799AE-38D3-4D30-9E6B-7C101043C3B2}.Release|Any CPU.ActiveCfg = Release|Any CPU
		{B425122A-F31E-4EBB-88F8-E45CDB7E7F58}.Debug|Any CPU.ActiveCfg = Debug|Any CPU
		{B425122A-F31E-4EBB-88F8-E45CDB7E7F58}.Debug|Any CPU.Build.0 = Debug|Any CPU
		{B425122A-F31E-4EBB-88F8-E45CDB7E7F58}.Release|Any CPU.ActiveCfg = Release|Any CPU
		{3C8A8382-EEB3-401A-9845-A809ECFA1719}.Debug|Any CPU.ActiveCfg = Debug|Any CPU
		{3C8A8382-EEB3-401A-9845-A809ECFA1719}.Debug|Any CPU.Build.0 = Debug|Any CPU
		{3C8A8382-EEB3-401A-9845-A809ECFA1719}.Release|Any CPU.ActiveCfg = Release|Any CPU
		{C99BD1ED-C3EE-40A9-9BA9-74BE9F031898}.Debug|Any CPU.ActiveCfg = Debug|Any CPU
		{C99BD1ED-C3EE-40A9-9BA9-74BE9F031898}.Debug|Any CPU.Build.0 = Debug|Any CPU
		{C99BD1ED-C3EE-40A9-9BA9-74BE9F031898}.Release|Any CPU.ActiveCfg = Release|Any CPU
		{C99BD1ED-C3EE-40A9-9BA9-74BE9F031898}.Release|Any CPU.Build.0 = Release|Any CPU
		{CA8495F7-BF6B-420B-A681-67B3F3CD5EDE}.Debug|Any CPU.ActiveCfg = Debug|Any CPU
		{CA8495F7-BF6B-420B-A681-67B3F3CD5EDE}.Debug|Any CPU.Build.0 = Debug|Any CPU
		{CA8495F7-BF6B-420B-A681-67B3F3CD5EDE}.Release|Any CPU.ActiveCfg = Release|Any CPU
		{CA8495F7-BF6B-420B-A681-67B3F3CD5EDE}.Release|Any CPU.Build.0 = Release|Any CPU
		{63AFA597-216C-42F5-9249-A838693BA3CF}.Debug|Any CPU.ActiveCfg = Debug|Any CPU
		{63AFA597-216C-42F5-9249-A838693BA3CF}.Debug|Any CPU.Build.0 = Debug|Any CPU
		{63AFA597-216C-42F5-9249-A838693BA3CF}.Release|Any CPU.ActiveCfg = Release|Any CPU
		{63AFA597-216C-42F5-9249-A838693BA3CF}.Release|Any CPU.Build.0 = Release|Any CPU
		{A551D659-BF88-4D31-9A37-B49D1B34C421}.Debug|Any CPU.ActiveCfg = Debug|Any CPU
		{A551D659-BF88-4D31-9A37-B49D1B34C421}.Debug|Any CPU.Build.0 = Debug|Any CPU
		{A551D659-BF88-4D31-9A37-B49D1B34C421}.Release|Any CPU.ActiveCfg = Release|Any CPU
		{A551D659-BF88-4D31-9A37-B49D1B34C421}.Release|Any CPU.Build.0 = Release|Any CPU
		{5904CE1D-E8B1-46DF-955E-6C4B0B188EE2}.Debug|Any CPU.ActiveCfg = Debug|Any CPU
		{5904CE1D-E8B1-46DF-955E-6C4B0B188EE2}.Debug|Any CPU.Build.0 = Debug|Any CPU
		{5904CE1D-E8B1-46DF-955E-6C4B0B188EE2}.Release|Any CPU.ActiveCfg = Release|Any CPU
		{5904CE1D-E8B1-46DF-955E-6C4B0B188EE2}.Release|Any CPU.Build.0 = Release|Any CPU
		{4EAAF65B-A115-4BB4-9D2B-7C49AE591BFC}.Debug|Any CPU.ActiveCfg = Debug|Any CPU
		{4EAAF65B-A115-4BB4-9D2B-7C49AE591BFC}.Debug|Any CPU.Build.0 = Debug|Any CPU
		{4EAAF65B-A115-4BB4-9D2B-7C49AE591BFC}.Release|Any CPU.ActiveCfg = Release|Any CPU
		{4EAAF65B-A115-4BB4-9D2B-7C49AE591BFC}.Release|Any CPU.Build.0 = Release|Any CPU
		{8FD70741-10CD-4514-888C-957684111401}.Debug|Any CPU.ActiveCfg = Debug|Any CPU
		{8FD70741-10CD-4514-888C-957684111401}.Debug|Any CPU.Build.0 = Debug|Any CPU
		{8FD70741-10CD-4514-888C-957684111401}.Release|Any CPU.ActiveCfg = Release|Any CPU
	EndGlobalSection
	GlobalSection(SolutionProperties) = preSolution
		HideSolutionNode = FALSE
	EndGlobalSection
	GlobalSection(NestedProjects) = preSolution
		{4FC305BA-CEC7-4C34-B7FD-A5A96F36EC28} = {6952BCA1-2A19-4F49-8189-9B3F236B80CD}
		{B6CE0158-608A-4683-833F-387B6887D30C} = {6952BCA1-2A19-4F49-8189-9B3F236B80CD}
		{83A6D411-FEEF-4EB7-838F-430BC74D0527} = {D7624A09-EE73-44A5-992B-2F2538197923}
		{2BCAB7B1-04FF-4FA3-ACA8-80CDEA087D44} = {D7624A09-EE73-44A5-992B-2F2538197923}
		{EC862409-2EC3-49E3-949B-CD8F11B168DC} = {A535B310-5B6A-4BA3-8478-1940354C7CB5}
		{D7A270A8-5BB7-48EA-B73F-FA2306CBE30A} = {A5CFFDC7-894F-4022-A546-43D930EB7874}
		{DB047A34-9F40-4FEB-812B-21FCEAC22A0B} = {A535B310-5B6A-4BA3-8478-1940354C7CB5}
		{ADC1BEE9-08C1-421D-9849-592C7DAF2D29} = {A5CFFDC7-894F-4022-A546-43D930EB7874}
		{BD599BA4-37F4-4DBE-8ADE-926866CC8199} = {A535B310-5B6A-4BA3-8478-1940354C7CB5}
		{986799AE-38D3-4D30-9E6B-7C101043C3B2} = {A535B310-5B6A-4BA3-8478-1940354C7CB5}
		{B425122A-F31E-4EBB-88F8-E45CDB7E7F58} = {A535B310-5B6A-4BA3-8478-1940354C7CB5}
		{3C8A8382-EEB3-401A-9845-A809ECFA1719} = {A535B310-5B6A-4BA3-8478-1940354C7CB5}
		{C99BD1ED-C3EE-40A9-9BA9-74BE9F031898} = {A5CFFDC7-894F-4022-A546-43D930EB7874}
		{CA8495F7-BF6B-420B-A681-67B3F3CD5EDE} = {A5CFFDC7-894F-4022-A546-43D930EB7874}
		{5904CE1D-E8B1-46DF-955E-6C4B0B188EE2} = {A5CFFDC7-894F-4022-A546-43D930EB7874}
		{4EAAF65B-A115-4BB4-9D2B-7C49AE591BFC} = {A5CFFDC7-894F-4022-A546-43D930EB7874}
		{8FD70741-10CD-4514-888C-957684111401} = {A535B310-5B6A-4BA3-8478-1940354C7CB5}
	EndGlobalSection
	GlobalSection(ExtensibilityGlobals) = postSolution
		{8FD70741-10CD-4514-888C-957684111401} = {A535B310-5B6A-4BA3-8478-1940354C7CB5}
		{4EAAF65B-A115-4BB4-9D2B-7C49AE591BFC} = {A5CFFDC7-894F-4022-A546-43D930EB7874}
		SolutionGuid = {FF4A17F7-D09B-4416-B0C5-142C0D55EAAB}
	EndGlobalSection
EndGlobal
